
Microsoft Visual Studio Solution File, Format Version 12.00
# Visual Studio Version 16
VisualStudioVersion = 16.0.33529.622
MinimumVisualStudioVersion = 10.0.40219.1
Project("{FAE04EC0-301F-11D3-BF4B-00C04F79EFBC}") = "RiskOfCoins", "RiskOfCoins\RiskOfCoins.csproj", "{BA0FFDF2-2AD8-4F61-9060-BD92878D50C6}"
	ProjectSection(ProjectDependencies) = postProject
		{5F65788C-C0C3-4503-83C6-BD053DFAE638} = {5F65788C-C0C3-4503-83C6-BD053DFAE638}
	EndProjectSection
EndProject
Project("{FAE04EC0-301F-11D3-BF4B-00C04F79EFBC}") = "ControLib", "..\Librerías\ControlesBonitos\ControLib\ControLib.csproj", "{5F65788C-C0C3-4503-83C6-BD053DFAE638}"
EndProject
Global
	GlobalSection(SolutionConfigurationPlatforms) = preSolution
		Debug|Any CPU = Debug|Any CPU
		Release|Any CPU = Release|Any CPU
	EndGlobalSection
	GlobalSection(ProjectConfigurationPlatforms) = postSolution
		{BA0FFDF2-2AD8-4F61-9060-BD92878D50C6}.Debug|Any CPU.ActiveCfg = Debug|Any CPU
		{BA0FFDF2-2AD8-4F61-9060-BD92878D50C6}.Debug|Any CPU.Build.0 = Debug|Any CPU
		{BA0FFDF2-2AD8-4F61-9060-BD92878D50C6}.Release|Any CPU.ActiveCfg = Release|Any CPU
		{BA0FFDF2-2AD8-4F61-9060-BD92878D50C6}.Release|Any CPU.Build.0 = Release|Any CPU
		{5F65788C-C0C3-4503-83C6-BD053DFAE638}.Debug|Any CPU.ActiveCfg = Debug|Any CPU
		{5F65788C-C0C3-4503-83C6-BD053DFAE638}.Debug|Any CPU.Build.0 = Debug|Any CPU
		{5F65788C-C0C3-4503-83C6-BD053DFAE638}.Release|Any CPU.ActiveCfg = Release|Any CPU
		{5F65788C-C0C3-4503-83C6-BD053DFAE638}.Release|Any CPU.Build.0 = Release|Any CPU
	EndGlobalSection
	GlobalSection(SolutionProperties) = preSolution
		HideSolutionNode = FALSE
	EndGlobalSection
	GlobalSection(ExtensibilityGlobals) = postSolution
		SolutionGuid = {94AFCEAD-1EC4-4004-A90F-31571CF9C6CD}
	EndGlobalSection
EndGlobal
